{
    "_meta": {
        "hash": {
            "sha256": "22e9d169c2b57faae779b279f1baf942cc06d077606642bb65e0649a9baf7fc9"
        },
        "pipfile-spec": 6,
        "requires": {
            "python_version": "3.6"
        },
        "sources": [
            {
                "name": "pypi",
                "url": "https://pypi.python.org/simple",
                "verify_ssl": true
            }
        ]
    },
    "default": {
        "paho-mqtt": {
            "hashes": [
                "sha256:31911f6031de306c27ed79dc77b690d7c55b0dcb0f0434ca34ec6361d0371122"
            ],
            "index": "pypi",
            "version": "==1.3.1"
        }
    },
    "develop": {}
}
