{
    "_meta": {
        "hash": {
            "sha256": "f3ae285d7050b38be8416309571c18958cafe2c00b6a3f99b3f7becc31f3b094"
        },
        "pipfile-spec": 6,
        "requires": {
            "python_version": "3.6"
        },
        "sources": [
            {
                "name": "pypi",
                "url": "https://pypi.python.org/simple",
                "verify_ssl": true
            }
        ]
    },
    "default": {
        "paho-mqtt": {
            "hashes": [
                "sha256:31911f6031de306c27ed79dc77b690d7c55b0dcb0f0434ca34ec6361d0371122"
            ],
            "index": "pypi",
            "version": "==1.3.1"
        },
        "pytz": {
            "hashes": [
                "sha256:a061aa0a9e06881eb8b3b2b43f05b9439d6583c206d0a6c340ff72a7b6669053",
                "sha256:ffb9ef1de172603304d9d2819af6f5ece76f2e85ec10692a524dd876e72bf277"
            ],
            "index": "pypi",
            "version": "==2018.5"
        }
    },
    "develop": {}
}
